
Microsoft Visual Studio Solution File, Format Version 12.00
# Visual Studio Version 17
VisualStudioVersion = 17.7.34031.279
MinimumVisualStudioVersion = 10.0.40219.1
Project("{FAE04EC0-301F-11D3-BF4B-00C04F79EFBC}") = "backend", "backend.csproj", "{B8AF323C-B8FC-4032-9F92-50840FE341A4}"
EndProject
Global
	GlobalSection(SolutionConfigurationPlatforms) = preSolution
		Debug|Any CPU = Debug|Any CPU
		Release|Any CPU = Release|Any CPU
	EndGlobalSection
	GlobalSection(ProjectConfigurationPlatforms) = postSolution
		{B8AF323C-B8FC-4032-9F92-50840FE341A4}.Debug|Any CPU.ActiveCfg = Debug|Any CPU
		{B8AF323C-B8FC-4032-9F92-50840FE341A4}.Debug|Any CPU.Build.0 = Debug|Any CPU
		{B8AF323C-B8FC-4032-9F92-50840FE341A4}.Release|Any CPU.ActiveCfg = Release|Any CPU
		{B8AF323C-B8FC-4032-9F92-50840FE341A4}.Release|Any CPU.Build.0 = Release|Any CPU
	EndGlobalSection
	GlobalSection(SolutionProperties) = preSolution
		HideSolutionNode = FALSE
	EndGlobalSection
	GlobalSection(ExtensibilityGlobals) = postSolution
		SolutionGuid = {51BC6F30-E602-40CC-81BD-85CF080C9D80}
	EndGlobalSection
EndGlobal
